
Microsoft Visual Studio Solution File, Format Version 12.00
# Visual Studio 15
VisualStudioVersion = 15.0.28010.2026
MinimumVisualStudioVersion = 10.0.40219.1
Project("{FAE04EC0-301F-11D3-BF4B-00C04F79EFBC}") = "Metoder", "Metoder\Metoder.csproj", "{BC48FB9B-21D1-4D6F-B01E-A556CA87A874}"
EndProject
Global
	GlobalSection(SolutionConfigurationPlatforms) = preSolution
		Debug|Any CPU = Debug|Any CPU
		Release|Any CPU = Release|Any CPU
	EndGlobalSection
	GlobalSection(ProjectConfigurationPlatforms) = postSolution
		{BC48FB9B-21D1-4D6F-B01E-A556CA87A874}.Debug|Any CPU.ActiveCfg = Debug|Any CPU
		{BC48FB9B-21D1-4D6F-B01E-A556CA87A874}.Debug|Any CPU.Build.0 = Debug|Any CPU
		{BC48FB9B-21D1-4D6F-B01E-A556CA87A874}.Release|Any CPU.ActiveCfg = Release|Any CPU
		{BC48FB9B-21D1-4D6F-B01E-A556CA87A874}.Release|Any CPU.Build.0 = Release|Any CPU
	EndGlobalSection
	GlobalSection(SolutionProperties) = preSolution
		HideSolutionNode = FALSE
	EndGlobalSection
	GlobalSection(ExtensibilityGlobals) = postSolution
		SolutionGuid = {E4AD4E0D-BC2E-4A91-B2B9-1EA6D07DF52B}
	EndGlobalSection
EndGlobal
