
Microsoft Visual Studio Solution File, Format Version 12.00
# Visual Studio 15
VisualStudioVersion = 15.0.28010.2026
MinimumVisualStudioVersion = 10.0.40219.1
Project("{FAE04EC0-301F-11D3-BF4B-00C04F79EFBC}") = "Slump", "Slump\Slump.csproj", "{7E35461A-6344-4905-847F-C480BC2D6318}"
EndProject
Project("{FAE04EC0-301F-11D3-BF4B-00C04F79EFBC}") = "Frågesport1", "..\Frågesport1\Frågesport1\Frågesport1.csproj", "{86D9DB18-34B5-4FDD-98E6-26181939B854}"
EndProject
Global
	GlobalSection(SolutionConfigurationPlatforms) = preSolution
		Debug|Any CPU = Debug|Any CPU
		Release|Any CPU = Release|Any CPU
	EndGlobalSection
	GlobalSection(ProjectConfigurationPlatforms) = postSolution
		{7E35461A-6344-4905-847F-C480BC2D6318}.Debug|Any CPU.ActiveCfg = Debug|Any CPU
		{7E35461A-6344-4905-847F-C480BC2D6318}.Debug|Any CPU.Build.0 = Debug|Any CPU
		{7E35461A-6344-4905-847F-C480BC2D6318}.Release|Any CPU.ActiveCfg = Release|Any CPU
		{7E35461A-6344-4905-847F-C480BC2D6318}.Release|Any CPU.Build.0 = Release|Any CPU
		{86D9DB18-34B5-4FDD-98E6-26181939B854}.Debug|Any CPU.ActiveCfg = Debug|Any CPU
		{86D9DB18-34B5-4FDD-98E6-26181939B854}.Debug|Any CPU.Build.0 = Debug|Any CPU
		{86D9DB18-34B5-4FDD-98E6-26181939B854}.Release|Any CPU.ActiveCfg = Release|Any CPU
		{86D9DB18-34B5-4FDD-98E6-26181939B854}.Release|Any CPU.Build.0 = Release|Any CPU
	EndGlobalSection
	GlobalSection(SolutionProperties) = preSolution
		HideSolutionNode = FALSE
	EndGlobalSection
	GlobalSection(ExtensibilityGlobals) = postSolution
		SolutionGuid = {62A1DB29-4D81-4855-B1B6-58A519ACA58F}
	EndGlobalSection
EndGlobal
