
Microsoft Visual Studio Solution File, Format Version 12.00
# Visual Studio 15
VisualStudioVersion = 15.0.28010.2026
MinimumVisualStudioVersion = 10.0.40219.1
Project("{FAE04EC0-301F-11D3-BF4B-00C04F79EFBC}") = "Array_och_listor", "Array_och_listor\Array_och_listor.csproj", "{0A33022D-16B7-4410-A08E-5E87450E053D}"
EndProject
Global
	GlobalSection(SolutionConfigurationPlatforms) = preSolution
		Debug|Any CPU = Debug|Any CPU
		Release|Any CPU = Release|Any CPU
	EndGlobalSection
	GlobalSection(ProjectConfigurationPlatforms) = postSolution
		{0A33022D-16B7-4410-A08E-5E87450E053D}.Debug|Any CPU.ActiveCfg = Debug|Any CPU
		{0A33022D-16B7-4410-A08E-5E87450E053D}.Debug|Any CPU.Build.0 = Debug|Any CPU
		{0A33022D-16B7-4410-A08E-5E87450E053D}.Release|Any CPU.ActiveCfg = Release|Any CPU
		{0A33022D-16B7-4410-A08E-5E87450E053D}.Release|Any CPU.Build.0 = Release|Any CPU
	EndGlobalSection
	GlobalSection(SolutionProperties) = preSolution
		HideSolutionNode = FALSE
	EndGlobalSection
	GlobalSection(ExtensibilityGlobals) = postSolution
		SolutionGuid = {0F888947-006E-4C6B-9B28-E5F8485DCE6F}
	EndGlobalSection
EndGlobal
