
Microsoft Visual Studio Solution File, Format Version 12.00
# Visual Studio 15
VisualStudioVersion = 15.0.28010.2026
MinimumVisualStudioVersion = 10.0.40219.1
Project("{D954291E-2A0B-460D-934E-DC6B0785DB48}") = "test_project", "test_project\test_project.shproj", "{D0890A42-AA35-4092-87F0-DE2212F7A880}"
EndProject
Global
	GlobalSection(SharedMSBuildProjectFiles) = preSolution
		test_project\test_project.projitems*{d0890a42-aa35-4092-87f0-de2212f7a880}*SharedItemsImports = 13
	EndGlobalSection
	GlobalSection(SolutionProperties) = preSolution
		HideSolutionNode = FALSE
	EndGlobalSection
	GlobalSection(ExtensibilityGlobals) = postSolution
		SolutionGuid = {3755BB2A-271B-4088-A872-3F69D5A89B1F}
	EndGlobalSection
EndGlobal
