
Microsoft Visual Studio Solution File, Format Version 12.00
# Visual Studio 15
VisualStudioVersion = 15.0.28010.2026
MinimumVisualStudioVersion = 10.0.40219.1
Project("{FAE04EC0-301F-11D3-BF4B-00C04F79EFBC}") = "yoooooooo", "yoooooooo\yoooooooo.csproj", "{47B84690-668B-4443-83AF-6CF00DFC1DB8}"
EndProject
Global
	GlobalSection(SolutionConfigurationPlatforms) = preSolution
		Debug|Any CPU = Debug|Any CPU
		Release|Any CPU = Release|Any CPU
	EndGlobalSection
	GlobalSection(ProjectConfigurationPlatforms) = postSolution
		{47B84690-668B-4443-83AF-6CF00DFC1DB8}.Debug|Any CPU.ActiveCfg = Debug|Any CPU
		{47B84690-668B-4443-83AF-6CF00DFC1DB8}.Debug|Any CPU.Build.0 = Debug|Any CPU
		{47B84690-668B-4443-83AF-6CF00DFC1DB8}.Release|Any CPU.ActiveCfg = Release|Any CPU
		{47B84690-668B-4443-83AF-6CF00DFC1DB8}.Release|Any CPU.Build.0 = Release|Any CPU
	EndGlobalSection
	GlobalSection(SolutionProperties) = preSolution
		HideSolutionNode = FALSE
	EndGlobalSection
	GlobalSection(ExtensibilityGlobals) = postSolution
		SolutionGuid = {3D7E7AF0-1D26-4736-B189-8C13B58B3389}
	EndGlobalSection
EndGlobal
