
Microsoft Visual Studio Solution File, Format Version 12.00
# Visual Studio 15
VisualStudioVersion = 15.0.28010.2026
MinimumVisualStudioVersion = 10.0.40219.1
Project("{FAE04EC0-301F-11D3-BF4B-00C04F79EFBC}") = "Synlighet_Slump_Konvertering", "Synlighet_Slump_Konvertering\Synlighet_Slump_Konvertering.csproj", "{45893F0B-FEA0-4551-8E12-F280E40DDC14}"
EndProject
Global
	GlobalSection(SolutionConfigurationPlatforms) = preSolution
		Debug|Any CPU = Debug|Any CPU
		Release|Any CPU = Release|Any CPU
	EndGlobalSection
	GlobalSection(ProjectConfigurationPlatforms) = postSolution
		{45893F0B-FEA0-4551-8E12-F280E40DDC14}.Debug|Any CPU.ActiveCfg = Debug|Any CPU
		{45893F0B-FEA0-4551-8E12-F280E40DDC14}.Debug|Any CPU.Build.0 = Debug|Any CPU
		{45893F0B-FEA0-4551-8E12-F280E40DDC14}.Release|Any CPU.ActiveCfg = Release|Any CPU
		{45893F0B-FEA0-4551-8E12-F280E40DDC14}.Release|Any CPU.Build.0 = Release|Any CPU
	EndGlobalSection
	GlobalSection(SolutionProperties) = preSolution
		HideSolutionNode = FALSE
	EndGlobalSection
	GlobalSection(ExtensibilityGlobals) = postSolution
		SolutionGuid = {97964DF3-8D62-4761-BCE2-0EA8E5410B3F}
	EndGlobalSection
EndGlobal
